
Microsoft Visual Studio Solution File, Format Version 12.00
# Visual Studio Version 17
VisualStudioVersion = 17.5.33424.131
MinimumVisualStudioVersion = 10.0.40219.1
Project("{FAE04EC0-301F-11D3-BF4B-00C04F79EFBC}") = "Users", "Users.csproj", "{84F40180-13C3-4590-9392-C339A37D0483}"
EndProject
Global
	GlobalSection(SolutionConfigurationPlatforms) = preSolution
		Debug|Any CPU = Debug|Any CPU
		Release|Any CPU = Release|Any CPU
	EndGlobalSection
	GlobalSection(ProjectConfigurationPlatforms) = postSolution
		{84F40180-13C3-4590-9392-C339A37D0483}.Debug|Any CPU.ActiveCfg = Debug|Any CPU
		{84F40180-13C3-4590-9392-C339A37D0483}.Debug|Any CPU.Build.0 = Debug|Any CPU
		{84F40180-13C3-4590-9392-C339A37D0483}.Release|Any CPU.ActiveCfg = Release|Any CPU
		{84F40180-13C3-4590-9392-C339A37D0483}.Release|Any CPU.Build.0 = Release|Any CPU
	EndGlobalSection
	GlobalSection(SolutionProperties) = preSolution
		HideSolutionNode = FALSE
	EndGlobalSection
	GlobalSection(ExtensibilityGlobals) = postSolution
		SolutionGuid = {CFF3BC33-6D34-4BA4-9FDB-82A946993B79}
	EndGlobalSection
EndGlobal
